
Microsoft Visual Studio Solution File, Format Version 12.00
# Visual Studio Version 16
VisualStudioVersion = 16.0.30517.126
MinimumVisualStudioVersion = 10.0.40219.1
Project("{FAE04EC0-301F-11D3-BF4B-00C04F79EFBC}") = "Contacts", "Contacts\Contacts.csproj", "{618786AE-7D83-49DD-BA20-77542C2FED46}"
EndProject
Global
	GlobalSection(SolutionConfigurationPlatforms) = preSolution
		Debug|Any CPU = Debug|Any CPU
		Release|Any CPU = Release|Any CPU
	EndGlobalSection
	GlobalSection(ProjectConfigurationPlatforms) = postSolution
		{618786AE-7D83-49DD-BA20-77542C2FED46}.Debug|Any CPU.ActiveCfg = Debug|Any CPU
		{618786AE-7D83-49DD-BA20-77542C2FED46}.Debug|Any CPU.Build.0 = Debug|Any CPU
		{618786AE-7D83-49DD-BA20-77542C2FED46}.Release|Any CPU.ActiveCfg = Release|Any CPU
		{618786AE-7D83-49DD-BA20-77542C2FED46}.Release|Any CPU.Build.0 = Release|Any CPU
	EndGlobalSection
	GlobalSection(SolutionProperties) = preSolution
		HideSolutionNode = FALSE
	EndGlobalSection
	GlobalSection(ExtensibilityGlobals) = postSolution
		SolutionGuid = {4FA15D6A-D4EA-4F08-A75E-F680FAF3FD5A}
	EndGlobalSection
EndGlobal
